
Microsoft Visual Studio Solution File, Format Version 11.00
# Visual Studio 2010
Project("{8BC9CEB8-8B4A-11D0-8D11-00A0C91BC942}") = "ControllerMAX-XInput", "ControllerMAX-XInput\ControllerMAX-XInput.vcxproj", "{B9AE96C0-F09B-400A-8AF1-15A9F5D659A8}"
EndProject
Project("{8BC9CEB8-8B4A-11D0-8D11-00A0C91BC942}") = "Gtuner Plugin", "Gtuner-Plugin\Gtuner-Plugin.vcxproj", "{DB57F735-DD4B-4398-82DB-3D43A12902F6}"
EndProject
Project("{8BC9CEB8-8B4A-11D0-8D11-00A0C91BC942}") = "GPC-Interpreter", "GPC-Interpreter\C-Interpreter.vcxproj", "{072231BF-B7B9-721F-D67F-62572377DC47}"
EndProject
Global
	GlobalSection(SolutionConfigurationPlatforms) = preSolution
		Debug|Win32 = Debug|Win32
		Release|Win32 = Release|Win32
	EndGlobalSection
	GlobalSection(ProjectConfigurationPlatforms) = postSolution
		{B9AE96C0-F09B-400A-8AF1-15A9F5D659A8}.Debug|Win32.ActiveCfg = Release|Win32
		{B9AE96C0-F09B-400A-8AF1-15A9F5D659A8}.Debug|Win32.Build.0 = Release|Win32
		{B9AE96C0-F09B-400A-8AF1-15A9F5D659A8}.Release|Win32.ActiveCfg = Release|Win32
		{B9AE96C0-F09B-400A-8AF1-15A9F5D659A8}.Release|Win32.Build.0 = Release|Win32
		{DB57F735-DD4B-4398-82DB-3D43A12902F6}.Debug|Win32.ActiveCfg = Release|Win32
		{DB57F735-DD4B-4398-82DB-3D43A12902F6}.Debug|Win32.Build.0 = Release|Win32
		{DB57F735-DD4B-4398-82DB-3D43A12902F6}.Release|Win32.ActiveCfg = Release|Win32
		{DB57F735-DD4B-4398-82DB-3D43A12902F6}.Release|Win32.Build.0 = Release|Win32
		{072231BF-B7B9-721F-D67F-62572377DC47}.Debug|Win32.ActiveCfg = Debug|Win32
		{072231BF-B7B9-721F-D67F-62572377DC47}.Debug|Win32.Build.0 = Debug|Win32
		{072231BF-B7B9-721F-D67F-62572377DC47}.Release|Win32.ActiveCfg = Release|Win32
		{072231BF-B7B9-721F-D67F-62572377DC47}.Release|Win32.Build.0 = Release|Win32
	EndGlobalSection
	GlobalSection(SolutionProperties) = preSolution
		HideSolutionNode = FALSE
	EndGlobalSection
EndGlobal
